// !$*UTF8*$!
{
	archiveVersion = 1;
	classes = {
	};
	objectVersion = 50;
	objects = {

/* Begin PBXBuildFile section */
		27E7361720BF31F5004B48D2 /* AppDelegate.swift in Sources */ = {isa = PBXBuildFile; fileRef = 27E7361620BF31F5004B48D2 /* AppDelegate.swift */; };
		27E7361920BF31F5004B48D2 /* ViewController.swift in Sources */ = {isa = PBXBuildFile; fileRef = 27E7361820BF31F5004B48D2 /* ViewController.swift */; };
		27E7361C20BF31F5004B48D2 /* Main.storyboard in Resources */ = {isa = PBXBuildFile; fileRef = 27E7361A20BF31F5004B48D2 /* Main.storyboard */; };
		27E7361E20BF31F6004B48D2 /* Assets.xcassets in Resources */ = {isa = PBXBuildFile; fileRef = 27E7361D20BF31F6004B48D2 /* Assets.xcassets */; };
		27E7362120BF31F6004B48D2 /* LaunchScreen.storyboard in Resources */ = {isa = PBXBuildFile; fileRef = 27E7361F20BF31F6004B48D2 /* LaunchScreen.storyboard */; };
		3B3D4E8120C082550027C68C /* GoogleService-Info.plist in Resources */ = {isa = PBXBuildFile; fileRef = 3B3D4E8020C082550027C68C /* GoogleService-Info.plist */; };
		3BC0D96720BF3EC900045B17 /* PlayerSetupViewController.swift in Sources */ = {isa = PBXBuildFile; fileRef = 3BC0D96620BF3EC900045B17 /* PlayerSetupViewController.swift */; };
		E92009A53D4AF13422AD246B /* Pods_DigitalTag.framework in Frameworks */ = {isa = PBXBuildFile; fileRef = 8B39FCF26BA672EF3FB01485 /* Pods_DigitalTag.framework */; };
/* End PBXBuildFile section */

/* Begin PBXFileReference section */
		248D29A3AFB89BC0F4E17F64 /* Pods-DigitalTag.release.xcconfig */ = {isa = PBXFileReference; includeInIndex = 1; lastKnownFileType = text.xcconfig; name = "Pods-DigitalTag.release.xcconfig"; path = "Pods/Target Support Files/Pods-DigitalTag/Pods-DigitalTag.release.xcconfig"; sourceTree = "<group>"; };
		27E7361320BF31F5004B48D2 /* Krolik.app */ = {isa = PBXFileReference; explicitFileType = wrapper.application; includeInIndex = 0; path = Krolik.app; sourceTree = BUILT_PRODUCTS_DIR; };
		27E7361620BF31F5004B48D2 /* AppDelegate.swift */ = {isa = PBXFileReference; lastKnownFileType = sourcecode.swift; path = AppDelegate.swift; sourceTree = "<group>"; };
		27E7361820BF31F5004B48D2 /* ViewController.swift */ = {isa = PBXFileReference; lastKnownFileType = sourcecode.swift; path = ViewController.swift; sourceTree = "<group>"; };
		27E7361B20BF31F5004B48D2 /* Base */ = {isa = PBXFileReference; lastKnownFileType = file.storyboard; name = Base; path = Base.lproj/Main.storyboard; sourceTree = "<group>"; };
		27E7361D20BF31F6004B48D2 /* Assets.xcassets */ = {isa = PBXFileReference; lastKnownFileType = folder.assetcatalog; path = Assets.xcassets; sourceTree = "<group>"; };
		27E7362020BF31F6004B48D2 /* Base */ = {isa = PBXFileReference; lastKnownFileType = file.storyboard; name = Base; path = Base.lproj/LaunchScreen.storyboard; sourceTree = "<group>"; };
		27E7362220BF31F6004B48D2 /* Info.plist */ = {isa = PBXFileReference; lastKnownFileType = text.plist.xml; path = Info.plist; sourceTree = "<group>"; };
		2B34F1161F27FE66E38213F4 /* Pods-DigitalTag.debug.xcconfig */ = {isa = PBXFileReference; includeInIndex = 1; lastKnownFileType = text.xcconfig; name = "Pods-DigitalTag.debug.xcconfig"; path = "Pods/Target Support Files/Pods-DigitalTag/Pods-DigitalTag.debug.xcconfig"; sourceTree = "<group>"; };
		3B3D4E8020C082550027C68C /* GoogleService-Info.plist */ = {isa = PBXFileReference; fileEncoding = 4; lastKnownFileType = text.plist.xml; path = "GoogleService-Info.plist"; sourceTree = "<group>"; };
		3BC0D96620BF3EC900045B17 /* PlayerSetupViewController.swift */ = {isa = PBXFileReference; lastKnownFileType = sourcecode.swift; path = PlayerSetupViewController.swift; sourceTree = "<group>"; };
		8B39FCF26BA672EF3FB01485 /* Pods_DigitalTag.framework */ = {isa = PBXFileReference; explicitFileType = wrapper.framework; includeInIndex = 0; path = Pods_DigitalTag.framework; sourceTree = BUILT_PRODUCTS_DIR; };
/* End PBXFileReference section */

/* Begin PBXFrameworksBuildPhase section */
		27E7361020BF31F5004B48D2 /* Frameworks */ = {
			isa = PBXFrameworksBuildPhase;
			buildActionMask = 2147483647;
			files = (
				E92009A53D4AF13422AD246B /* Pods_DigitalTag.framework in Frameworks */,
			);
			runOnlyForDeploymentPostprocessing = 0;
		};
/* End PBXFrameworksBuildPhase section */

/* Begin PBXGroup section */
		27E7360A20BF31F5004B48D2 = {
			isa = PBXGroup;
			children = (
				27E7361520BF31F5004B48D2 /* Krolik */,
				27E7361420BF31F5004B48D2 /* Products */,
				9A84BEC2C82A9FA4161735FA /* Pods */,
				C821704100BA919C482379A9 /* Frameworks */,
			);
			sourceTree = "<group>";
		};
		27E7361420BF31F5004B48D2 /* Products */ = {
			isa = PBXGroup;
			children = (
				27E7361320BF31F5004B48D2 /* Krolik.app */,
			);
			name = Products;
			sourceTree = "<group>";
		};
		27E7361520BF31F5004B48D2 /* Krolik */ = {
			isa = PBXGroup;
			children = (
				27E7361620BF31F5004B48D2 /* AppDelegate.swift */,
				27E7361820BF31F5004B48D2 /* ViewController.swift */,
				27E7361A20BF31F5004B48D2 /* Main.storyboard */,
				27E7361D20BF31F6004B48D2 /* Assets.xcassets */,
				27E7361F20BF31F6004B48D2 /* LaunchScreen.storyboard */,
				27E7362220BF31F6004B48D2 /* Info.plist */,
				3BC0D96620BF3EC900045B17 /* PlayerSetupViewController.swift */,
				3B3D4E8020C082550027C68C /* GoogleService-Info.plist */,
			);
			path = Krolik;
			sourceTree = "<group>";
		};
		9A84BEC2C82A9FA4161735FA /* Pods */ = {
			isa = PBXGroup;
			children = (
				2B34F1161F27FE66E38213F4 /* Pods-DigitalTag.debug.xcconfig */,
				248D29A3AFB89BC0F4E17F64 /* Pods-DigitalTag.release.xcconfig */,
			);
			name = Pods;
			sourceTree = "<group>";
		};
		C821704100BA919C482379A9 /* Frameworks */ = {
			isa = PBXGroup;
			children = (
				8B39FCF26BA672EF3FB01485 /* Pods_DigitalTag.framework */,
			);
			name = Frameworks;
			sourceTree = "<group>";
		};
/* End PBXGroup section */

/* Begin PBXNativeTarget section */
		27E7361220BF31F5004B48D2 /* Krolik */ = {
			isa = PBXNativeTarget;
			buildConfigurationList = 27E7362520BF31F6004B48D2 /* Build configuration list for PBXNativeTarget "Krolik" */;
			buildPhases = (
				BA4E757C4B845D874C8977C4 /* [CP] Check Pods Manifest.lock */,
				27E7360F20BF31F5004B48D2 /* Sources */,
				27E7361020BF31F5004B48D2 /* Frameworks */,
				27E7361120BF31F5004B48D2 /* Resources */,
				BBA79B737ED2AFC39E237B51 /* [CP] Embed Pods Frameworks */,
			);
			buildRules = (
			);
			dependencies = (
			);
			name = Krolik;
			productName = DigitalTag;
			productReference = 27E7361320BF31F5004B48D2 /* Krolik.app */;
			productType = "com.apple.product-type.application";
		};
/* End PBXNativeTarget section */

/* Begin PBXProject section */
		27E7360B20BF31F5004B48D2 /* Project object */ = {
			isa = PBXProject;
			attributes = {
				LastSwiftUpdateCheck = 0930;
				LastUpgradeCheck = 0930;
				ORGANIZATIONNAME = "Mike Stoltman";
				TargetAttributes = {
					27E7361220BF31F5004B48D2 = {
						CreatedOnToolsVersion = 9.3.1;
					};
				};
			};
			buildConfigurationList = 27E7360E20BF31F5004B48D2 /* Build configuration list for PBXProject "Krolik" */;
			compatibilityVersion = "Xcode 9.3";
			developmentRegion = en;
			hasScannedForEncodings = 0;
			knownRegions = (
				en,
				Base,
			);
			mainGroup = 27E7360A20BF31F5004B48D2;
			productRefGroup = 27E7361420BF31F5004B48D2 /* Products */;
			projectDirPath = "";
			projectRoot = "";
			targets = (
				27E7361220BF31F5004B48D2 /* Krolik */,
			);
		};
/* End PBXProject section */

/* Begin PBXResourcesBuildPhase section */
		27E7361120BF31F5004B48D2 /* Resources */ = {
			isa = PBXResourcesBuildPhase;
			buildActionMask = 2147483647;
			files = (
				27E7362120BF31F6004B48D2 /* LaunchScreen.storyboard in Resources */,
				3B3D4E8120C082550027C68C /* GoogleService-Info.plist in Resources */,
				27E7361E20BF31F6004B48D2 /* Assets.xcassets in Resources */,
				27E7361C20BF31F5004B48D2 /* Main.storyboard in Resources */,
			);
			runOnlyForDeploymentPostprocessing = 0;
		};
/* End PBXResourcesBuildPhase section */

/* Begin PBXShellScriptBuildPhase section */
		BA4E757C4B845D874C8977C4 /* [CP] Check Pods Manifest.lock */ = {
			isa = PBXShellScriptBuildPhase;
			buildActionMask = 2147483647;
			files = (
			);
			inputPaths = (
				"${PODS_PODFILE_DIR_PATH}/Podfile.lock",
				"${PODS_ROOT}/Manifest.lock",
			);
			name = "[CP] Check Pods Manifest.lock";
			outputPaths = (
				"$(DERIVED_FILE_DIR)/Pods-DigitalTag-checkManifestLockResult.txt",
			);
			runOnlyForDeploymentPostprocessing = 0;
			shellPath = /bin/sh;
			shellScript = "diff \"${PODS_PODFILE_DIR_PATH}/Podfile.lock\" \"${PODS_ROOT}/Manifest.lock\" > /dev/null\nif [ $? != 0 ] ; then\n    # print error to STDERR\n    echo \"error: The sandbox is not in sync with the Podfile.lock. Run 'pod install' or update your CocoaPods installation.\" >&2\n    exit 1\nfi\n# This output is used by Xcode 'outputs' to avoid re-running this script phase.\necho \"SUCCESS\" > \"${SCRIPT_OUTPUT_FILE_0}\"\n";
			showEnvVarsInLog = 0;
		};
		BBA79B737ED2AFC39E237B51 /* [CP] Embed Pods Frameworks */ = {
			isa = PBXShellScriptBuildPhase;
			buildActionMask = 2147483647;
			files = (
			);
			inputPaths = (
				"${SRCROOT}/Pods/Target Support Files/Pods-DigitalTag/Pods-DigitalTag-frameworks.sh",
				"${BUILT_PRODUCTS_DIR}/GTMSessionFetcher/GTMSessionFetcher.framework",
				"${BUILT_PRODUCTS_DIR}/GoogleToolboxForMac/GoogleToolboxForMac.framework",
				"${BUILT_PRODUCTS_DIR}/Protobuf/Protobuf.framework",
				"${BUILT_PRODUCTS_DIR}/leveldb-library/leveldb.framework",
				"${BUILT_PRODUCTS_DIR}/nanopb/nanopb.framework",
			);
			name = "[CP] Embed Pods Frameworks";
			outputPaths = (
				"${TARGET_BUILD_DIR}/${FRAMEWORKS_FOLDER_PATH}/GTMSessionFetcher.framework",
				"${TARGET_BUILD_DIR}/${FRAMEWORKS_FOLDER_PATH}/GoogleToolboxForMac.framework",
				"${TARGET_BUILD_DIR}/${FRAMEWORKS_FOLDER_PATH}/Protobuf.framework",
				"${TARGET_BUILD_DIR}/${FRAMEWORKS_FOLDER_PATH}/leveldb.framework",
				"${TARGET_BUILD_DIR}/${FRAMEWORKS_FOLDER_PATH}/nanopb.framework",
			);
			runOnlyForDeploymentPostprocessing = 0;
			shellPath = /bin/sh;
			shellScript = "\"${SRCROOT}/Pods/Target Support Files/Pods-DigitalTag/Pods-DigitalTag-frameworks.sh\"\n";
			showEnvVarsInLog = 0;
		};
/* End PBXShellScriptBuildPhase section */

/* Begin PBXSourcesBuildPhase section */
		27E7360F20BF31F5004B48D2 /* Sources */ = {
			isa = PBXSourcesBuildPhase;
			buildActionMask = 2147483647;
			files = (
				27E7361920BF31F5004B48D2 /* ViewController.swift in Sources */,
				27E7361720BF31F5004B48D2 /* AppDelegate.swift in Sources */,
				3BC0D96720BF3EC900045B17 /* PlayerSetupViewController.swift in Sources */,
			);
			runOnlyForDeploymentPostprocessing = 0;
		};
/* End PBXSourcesBuildPhase section */

/* Begin PBXVariantGroup section */
		27E7361A20BF31F5004B48D2 /* Main.storyboard */ = {
			isa = PBXVariantGroup;
			children = (
				27E7361B20BF31F5004B48D2 /* Base */,
			);
			name = Main.storyboard;
			sourceTree = "<group>";
		};
		27E7361F20BF31F6004B48D2 /* LaunchScreen.storyboard */ = {
			isa = PBXVariantGroup;
			children = (
				27E7362020BF31F6004B48D2 /* Base */,
			);
			name = LaunchScreen.storyboard;
			sourceTree = "<group>";
		};
/* End PBXVariantGroup section */

/* Begin XCBuildConfiguration section */
		27E7362320BF31F6004B48D2 /* Debug */ = {
			isa = XCBuildConfiguration;
			buildSettings = {
				ALWAYS_SEARCH_USER_PATHS = NO;
				CLANG_ANALYZER_NONNULL = YES;
				CLANG_ANALYZER_NUMBER_OBJECT_CONVERSION = YES_AGGRESSIVE;
				CLANG_CXX_LANGUAGE_STANDARD = "gnu++14";
				CLANG_CXX_LIBRARY = "libc++";
				CLANG_ENABLE_MODULES = YES;
				CLANG_ENABLE_OBJC_ARC = YES;
				CLANG_ENABLE_OBJC_WEAK = YES;
				CLANG_WARN_BLOCK_CAPTURE_AUTORELEASING = YES;
				CLANG_WARN_BOOL_CONVERSION = YES;
				CLANG_WARN_COMMA = YES;
				CLANG_WARN_CONSTANT_CONVERSION = YES;
				CLANG_WARN_DEPRECATED_OBJC_IMPLEMENTATIONS = YES;
				CLANG_WARN_DIRECT_OBJC_ISA_USAGE = YES_ERROR;
				CLANG_WARN_DOCUMENTATION_COMMENTS = YES;
				CLANG_WARN_EMPTY_BODY = YES;
				CLANG_WARN_ENUM_CONVERSION = YES;
				CLANG_WARN_INFINITE_RECURSION = YES;
				CLANG_WARN_INT_CONVERSION = YES;
				CLANG_WARN_NON_LITERAL_NULL_CONVERSION = YES;
				CLANG_WARN_OBJC_IMPLICIT_RETAIN_SELF = YES;
				CLANG_WARN_OBJC_LITERAL_CONVERSION = YES;
				CLANG_WARN_OBJC_ROOT_CLASS = YES_ERROR;
				CLANG_WARN_RANGE_LOOP_ANALYSIS = YES;
				CLANG_WARN_STRICT_PROTOTYPES = YES;
				CLANG_WARN_SUSPICIOUS_MOVE = YES;
				CLANG_WARN_UNGUARDED_AVAILABILITY = YES_AGGRESSIVE;
				CLANG_WARN_UNREACHABLE_CODE = YES;
				CLANG_WARN__DUPLICATE_METHOD_MATCH = YES;
				CODE_SIGN_IDENTITY = "iPhone Developer";
				COPY_PHASE_STRIP = NO;
				DEBUG_INFORMATION_FORMAT = dwarf;
				ENABLE_STRICT_OBJC_MSGSEND = YES;
				ENABLE_TESTABILITY = YES;
				GCC_C_LANGUAGE_STANDARD = gnu11;
				GCC_DYNAMIC_NO_PIC = NO;
				GCC_NO_COMMON_BLOCKS = YES;
				GCC_OPTIMIZATION_LEVEL = 0;
				GCC_PREPROCESSOR_DEFINITIONS = (
					"DEBUG=1",
					"$(inherited)",
				);
				GCC_WARN_64_TO_32_BIT_CONVERSION = YES;
				GCC_WARN_ABOUT_RETURN_TYPE = YES_ERROR;
				GCC_WARN_UNDECLARED_SELECTOR = YES;
				GCC_WARN_UNINITIALIZED_AUTOS = YES_AGGRESSIVE;
				GCC_WARN_UNUSED_FUNCTION = YES;
				GCC_WARN_UNUSED_VARIABLE = YES;
				IPHONEOS_DEPLOYMENT_TARGET = 11.3;
				MTL_ENABLE_DEBUG_INFO = YES;
				ONLY_ACTIVE_ARCH = YES;
				SDKROOT = iphoneos;
				SWIFT_ACTIVE_COMPILATION_CONDITIONS = DEBUG;
				SWIFT_OPTIMIZATION_LEVEL = "-Onone";
			};
			name = Debug;
		};
		27E7362420BF31F6004B48D2 /* Release */ = {
			isa = XCBuildConfiguration;
			buildSettings = {
				ALWAYS_SEARCH_USER_PATHS = NO;
				CLANG_ANALYZER_NONNULL = YES;
				CLANG_ANALYZER_NUMBER_OBJECT_CONVERSION = YES_AGGRESSIVE;
				CLANG_CXX_LANGUAGE_STANDARD = "gnu++14";
				CLANG_CXX_LIBRARY = "libc++";
				CLANG_ENABLE_MODULES = YES;
				CLANG_ENABLE_OBJC_ARC = YES;
				CLANG_ENABLE_OBJC_WEAK = YES;
				CLANG_WARN_BLOCK_CAPTURE_AUTORELEASING = YES;
				CLANG_WARN_BOOL_CONVERSION = YES;
				CLANG_WARN_COMMA = YES;
				CLANG_WARN_CONSTANT_CONVERSION = YES;
				CLANG_WARN_DEPRECATED_OBJC_IMPLEMENTATIONS = YES;
				CLANG_WARN_DIRECT_OBJC_ISA_USAGE = YES_ERROR;
				CLANG_WARN_DOCUMENTATION_COMMENTS = YES;
				CLANG_WARN_EMPTY_BODY = YES;
				CLANG_WARN_ENUM_CONVERSION = YES;
				CLANG_WARN_INFINITE_RECURSION = YES;
				CLANG_WARN_INT_CONVERSION = YES;
				CLANG_WARN_NON_LITERAL_NULL_CONVERSION = YES;
				CLANG_WARN_OBJC_IMPLICIT_RETAIN_SELF = YES;
				CLANG_WARN_OBJC_LITERAL_CONVERSION = YES;
				CLANG_WARN_OBJC_ROOT_CLASS = YES_ERROR;
				CLANG_WARN_RANGE_LOOP_ANALYSIS = YES;
				CLANG_WARN_STRICT_PROTOTYPES = YES;
				CLANG_WARN_SUSPICIOUS_MOVE = YES;
				CLANG_WARN_UNGUARDED_AVAILABILITY = YES_AGGRESSIVE;
				CLANG_WARN_UNREACHABLE_CODE = YES;
				CLANG_WARN__DUPLICATE_METHOD_MATCH = YES;
				CODE_SIGN_IDENTITY = "iPhone Developer";
				COPY_PHASE_STRIP = NO;
				DEBUG_INFORMATION_FORMAT = "dwarf-with-dsym";
				ENABLE_NS_ASSERTIONS = NO;
				ENABLE_STRICT_OBJC_MSGSEND = YES;
				GCC_C_LANGUAGE_STANDARD = gnu11;
				GCC_NO_COMMON_BLOCKS = YES;
				GCC_WARN_64_TO_32_BIT_CONVERSION = YES;
				GCC_WARN_ABOUT_RETURN_TYPE = YES_ERROR;
				GCC_WARN_UNDECLARED_SELECTOR = YES;
				GCC_WARN_UNINITIALIZED_AUTOS = YES_AGGRESSIVE;
				GCC_WARN_UNUSED_FUNCTION = YES;
				GCC_WARN_UNUSED_VARIABLE = YES;
				IPHONEOS_DEPLOYMENT_TARGET = 11.3;
				MTL_ENABLE_DEBUG_INFO = NO;
				SDKROOT = iphoneos;
				SWIFT_COMPILATION_MODE = wholemodule;
				SWIFT_OPTIMIZATION_LEVEL = "-O";
				VALIDATE_PRODUCT = YES;
			};
			name = Release;
		};
		27E7362620BF31F6004B48D2 /* Debug */ = {
			isa = XCBuildConfiguration;
			baseConfigurationReference = 2B34F1161F27FE66E38213F4 /* Pods-DigitalTag.debug.xcconfig */;
			buildSettings = {
				ASSETCATALOG_COMPILER_APPICON_NAME = AppIcon;
				CODE_SIGN_STYLE = Automatic;
				DEVELOPMENT_TEAM = NTZ378Q4WS;
				INFOPLIST_FILE = DigitalTag/Info.plist;
				LD_RUNPATH_SEARCH_PATHS = (
					"$(inherited)",
					"@executable_path/Frameworks",
				);
				PRODUCT_BUNDLE_IDENTIFIER = com.krolikTeam.Krolik;
				PRODUCT_NAME = "$(TARGET_NAME)";
				SWIFT_VERSION = 4.0;
				TARGETED_DEVICE_FAMILY = "1,2";
			};
			name = Debug;
		};
		27E7362720BF31F6004B48D2 /* Release */ = {
			isa = XCBuildConfiguration;
			baseConfigurationReference = 248D29A3AFB89BC0F4E17F64 /* Pods-DigitalTag.release.xcconfig */;
			buildSettings = {
				ASSETCATALOG_COMPILER_APPICON_NAME = AppIcon;
				CODE_SIGN_STYLE = Automatic;
				DEVELOPMENT_TEAM = NTZ378Q4WS;
				INFOPLIST_FILE = DigitalTag/Info.plist;
				LD_RUNPATH_SEARCH_PATHS = (
					"$(inherited)",
					"@executable_path/Frameworks",
				);
				PRODUCT_BUNDLE_IDENTIFIER = com.krolikTeam.Krolik;
				PRODUCT_NAME = "$(TARGET_NAME)";
				SWIFT_VERSION = 4.0;
				TARGETED_DEVICE_FAMILY = "1,2";
			};
			name = Release;
		};
/* End XCBuildConfiguration section */

/* Begin XCConfigurationList section */
		27E7360E20BF31F5004B48D2 /* Build configuration list for PBXProject "Krolik" */ = {
			isa = XCConfigurationList;
			buildConfigurations = (
				27E7362320BF31F6004B48D2 /* Debug */,
				27E7362420BF31F6004B48D2 /* Release */,
			);
			defaultConfigurationIsVisible = 0;
			defaultConfigurationName = Release;
		};
		27E7362520BF31F6004B48D2 /* Build configuration list for PBXNativeTarget "Krolik" */ = {
			isa = XCConfigurationList;
			buildConfigurations = (
				27E7362620BF31F6004B48D2 /* Debug */,
				27E7362720BF31F6004B48D2 /* Release */,
			);
			defaultConfigurationIsVisible = 0;
			defaultConfigurationName = Release;
		};
/* End XCConfigurationList section */
	};
	rootObject = 27E7360B20BF31F5004B48D2 /* Project object */;
}
